
Microsoft Visual Studio Solution File, Format Version 12.00
# Visual Studio Version 16
VisualStudioVersion = 16.0.30804.86
MinimumVisualStudioVersion = 10.0.40219.1
Project("{FAE04EC0-301F-11D3-BF4B-00C04F79EFBC}") = "eLections", "eLections\eLections.csproj", "{B72EB415-CA3B-4299-AA84-8D586C331B0C}"
EndProject
Project("{FAE04EC0-301F-11D3-BF4B-00C04F79EFBC}") = "Domain", "Domain\Domain.csproj", "{226575B8-1225-4792-8AE7-3D0AC5F02250}"
EndProject
Global
	GlobalSection(SolutionConfigurationPlatforms) = preSolution
		Debug|Any CPU = Debug|Any CPU
		Release|Any CPU = Release|Any CPU
	EndGlobalSection
	GlobalSection(ProjectConfigurationPlatforms) = postSolution
		{B72EB415-CA3B-4299-AA84-8D586C331B0C}.Debug|Any CPU.ActiveCfg = Debug|Any CPU
		{B72EB415-CA3B-4299-AA84-8D586C331B0C}.Debug|Any CPU.Build.0 = Debug|Any CPU
		{B72EB415-CA3B-4299-AA84-8D586C331B0C}.Release|Any CPU.ActiveCfg = Release|Any CPU
		{B72EB415-CA3B-4299-AA84-8D586C331B0C}.Release|Any CPU.Build.0 = Release|Any CPU
		{226575B8-1225-4792-8AE7-3D0AC5F02250}.Debug|Any CPU.ActiveCfg = Debug|Any CPU
		{226575B8-1225-4792-8AE7-3D0AC5F02250}.Debug|Any CPU.Build.0 = Debug|Any CPU
		{226575B8-1225-4792-8AE7-3D0AC5F02250}.Release|Any CPU.ActiveCfg = Release|Any CPU
		{226575B8-1225-4792-8AE7-3D0AC5F02250}.Release|Any CPU.Build.0 = Release|Any CPU
	EndGlobalSection
	GlobalSection(SolutionProperties) = preSolution
		HideSolutionNode = FALSE
	EndGlobalSection
	GlobalSection(ExtensibilityGlobals) = postSolution
		SolutionGuid = {5DA19D01-2FDF-41B6-94D9-A2270972748C}
	EndGlobalSection
EndGlobal
